
Microsoft Visual Studio Solution File, Format Version 12.00
# Visual Studio Version 17
VisualStudioVersion = 17.13.35818.85
MinimumVisualStudioVersion = 10.0.40219.1
Project("{00D1A9C2-B5F0-4AF3-8072-F6C62B433612}") = "ProyectoSanitarioOLTP", "ProyectoSanitarioOLTP\ProyectoSanitarioOLTP.sqlproj", "{05F0619E-1AB0-4E51-A8F1-C84C2BC8EC40}"
EndProject
Project("{00D1A9C2-B5F0-4AF3-8072-F6C62B433612}") = "ProyectSanitarioDW", "ProyectSanitarioDW\ProyectSanitarioDW.sqlproj", "{7652FD26-48D4-4159-9B92-E7DD684A7A95}"
EndProject
Project("{C9674DCB-5085-4A16-B785-4C70DD1589BD}") = "ProyectoSanitarioETL", "ProyectoSanitarioETL\ProyectoSanitarioETL.dtproj", "{47E0A57E-47AD-B605-EB4D-1CC1C0021146}"
EndProject
Project("{6870E480-7721-4708-BFB8-9AE898AA21B3}") = "ProyectoSanitarioSSAS_Tabular", "ProyectoSanitarioSSAS_Tabular\ProyectoSanitarioSSAS_Tabular.smproj", "{8CE414BB-95B2-4C99-9E03-51BA72086E22}"
EndProject
Global
	GlobalSection(SolutionConfigurationPlatforms) = preSolution
		Debug|Any CPU = Debug|Any CPU
		Debug|x86 = Debug|x86
		Development|Any CPU = Development|Any CPU
		Development|x86 = Development|x86
		Release|Any CPU = Release|Any CPU
		Release|x86 = Release|x86
	EndGlobalSection
	GlobalSection(ProjectConfigurationPlatforms) = postSolution
		{05F0619E-1AB0-4E51-A8F1-C84C2BC8EC40}.Debug|Any CPU.ActiveCfg = Debug|Any CPU
		{05F0619E-1AB0-4E51-A8F1-C84C2BC8EC40}.Debug|Any CPU.Build.0 = Debug|Any CPU
		{05F0619E-1AB0-4E51-A8F1-C84C2BC8EC40}.Debug|Any CPU.Deploy.0 = Debug|Any CPU
		{05F0619E-1AB0-4E51-A8F1-C84C2BC8EC40}.Debug|x86.ActiveCfg = Debug|Any CPU
		{05F0619E-1AB0-4E51-A8F1-C84C2BC8EC40}.Debug|x86.Build.0 = Debug|Any CPU
		{05F0619E-1AB0-4E51-A8F1-C84C2BC8EC40}.Debug|x86.Deploy.0 = Debug|Any CPU
		{05F0619E-1AB0-4E51-A8F1-C84C2BC8EC40}.Development|Any CPU.ActiveCfg = Release|Any CPU
		{05F0619E-1AB0-4E51-A8F1-C84C2BC8EC40}.Development|Any CPU.Build.0 = Release|Any CPU
		{05F0619E-1AB0-4E51-A8F1-C84C2BC8EC40}.Development|Any CPU.Deploy.0 = Release|Any CPU
		{05F0619E-1AB0-4E51-A8F1-C84C2BC8EC40}.Development|x86.ActiveCfg = Release|Any CPU
		{05F0619E-1AB0-4E51-A8F1-C84C2BC8EC40}.Development|x86.Build.0 = Release|Any CPU
		{05F0619E-1AB0-4E51-A8F1-C84C2BC8EC40}.Development|x86.Deploy.0 = Release|Any CPU
		{05F0619E-1AB0-4E51-A8F1-C84C2BC8EC40}.Release|Any CPU.ActiveCfg = Release|Any CPU
		{05F0619E-1AB0-4E51-A8F1-C84C2BC8EC40}.Release|Any CPU.Build.0 = Release|Any CPU
		{05F0619E-1AB0-4E51-A8F1-C84C2BC8EC40}.Release|Any CPU.Deploy.0 = Release|Any CPU
		{05F0619E-1AB0-4E51-A8F1-C84C2BC8EC40}.Release|x86.ActiveCfg = Release|Any CPU
		{05F0619E-1AB0-4E51-A8F1-C84C2BC8EC40}.Release|x86.Build.0 = Release|Any CPU
		{05F0619E-1AB0-4E51-A8F1-C84C2BC8EC40}.Release|x86.Deploy.0 = Release|Any CPU
		{7652FD26-48D4-4159-9B92-E7DD684A7A95}.Debug|Any CPU.ActiveCfg = Debug|Any CPU
		{7652FD26-48D4-4159-9B92-E7DD684A7A95}.Debug|Any CPU.Build.0 = Debug|Any CPU
		{7652FD26-48D4-4159-9B92-E7DD684A7A95}.Debug|Any CPU.Deploy.0 = Debug|Any CPU
		{7652FD26-48D4-4159-9B92-E7DD684A7A95}.Debug|x86.ActiveCfg = Debug|Any CPU
		{7652FD26-48D4-4159-9B92-E7DD684A7A95}.Debug|x86.Build.0 = Debug|Any CPU
		{7652FD26-48D4-4159-9B92-E7DD684A7A95}.Debug|x86.Deploy.0 = Debug|Any CPU
		{7652FD26-48D4-4159-9B92-E7DD684A7A95}.Development|Any CPU.ActiveCfg = Release|Any CPU
		{7652FD26-48D4-4159-9B92-E7DD684A7A95}.Development|Any CPU.Build.0 = Release|Any CPU
		{7652FD26-48D4-4159-9B92-E7DD684A7A95}.Development|Any CPU.Deploy.0 = Release|Any CPU
		{7652FD26-48D4-4159-9B92-E7DD684A7A95}.Development|x86.ActiveCfg = Release|Any CPU
		{7652FD26-48D4-4159-9B92-E7DD684A7A95}.Development|x86.Build.0 = Release|Any CPU
		{7652FD26-48D4-4159-9B92-E7DD684A7A95}.Development|x86.Deploy.0 = Release|Any CPU
		{7652FD26-48D4-4159-9B92-E7DD684A7A95}.Release|Any CPU.ActiveCfg = Release|Any CPU
		{7652FD26-48D4-4159-9B92-E7DD684A7A95}.Release|Any CPU.Build.0 = Release|Any CPU
		{7652FD26-48D4-4159-9B92-E7DD684A7A95}.Release|Any CPU.Deploy.0 = Release|Any CPU
		{7652FD26-48D4-4159-9B92-E7DD684A7A95}.Release|x86.ActiveCfg = Release|Any CPU
		{7652FD26-48D4-4159-9B92-E7DD684A7A95}.Release|x86.Build.0 = Release|Any CPU
		{7652FD26-48D4-4159-9B92-E7DD684A7A95}.Release|x86.Deploy.0 = Release|Any CPU
		{47E0A57E-47AD-B605-EB4D-1CC1C0021146}.Debug|Any CPU.ActiveCfg = Development
		{47E0A57E-47AD-B605-EB4D-1CC1C0021146}.Debug|Any CPU.Build.0 = Development
		{47E0A57E-47AD-B605-EB4D-1CC1C0021146}.Debug|x86.ActiveCfg = Development
		{47E0A57E-47AD-B605-EB4D-1CC1C0021146}.Debug|x86.Build.0 = Development
		{47E0A57E-47AD-B605-EB4D-1CC1C0021146}.Development|Any CPU.ActiveCfg = Development
		{47E0A57E-47AD-B605-EB4D-1CC1C0021146}.Development|Any CPU.Build.0 = Development
		{47E0A57E-47AD-B605-EB4D-1CC1C0021146}.Development|x86.ActiveCfg = Development
		{47E0A57E-47AD-B605-EB4D-1CC1C0021146}.Development|x86.Build.0 = Development
		{47E0A57E-47AD-B605-EB4D-1CC1C0021146}.Release|Any CPU.ActiveCfg = Development
		{47E0A57E-47AD-B605-EB4D-1CC1C0021146}.Release|Any CPU.Build.0 = Development
		{47E0A57E-47AD-B605-EB4D-1CC1C0021146}.Release|x86.ActiveCfg = Development
		{47E0A57E-47AD-B605-EB4D-1CC1C0021146}.Release|x86.Build.0 = Development
		{8CE414BB-95B2-4C99-9E03-51BA72086E22}.Debug|Any CPU.ActiveCfg = Development|x86
		{8CE414BB-95B2-4C99-9E03-51BA72086E22}.Debug|Any CPU.Build.0 = Development|x86
		{8CE414BB-95B2-4C99-9E03-51BA72086E22}.Debug|Any CPU.Deploy.0 = Development|x86
		{8CE414BB-95B2-4C99-9E03-51BA72086E22}.Debug|x86.ActiveCfg = Development|x86
		{8CE414BB-95B2-4C99-9E03-51BA72086E22}.Debug|x86.Build.0 = Development|x86
		{8CE414BB-95B2-4C99-9E03-51BA72086E22}.Debug|x86.Deploy.0 = Development|x86
		{8CE414BB-95B2-4C99-9E03-51BA72086E22}.Development|Any CPU.ActiveCfg = Development|x86
		{8CE414BB-95B2-4C99-9E03-51BA72086E22}.Development|Any CPU.Build.0 = Development|x86
		{8CE414BB-95B2-4C99-9E03-51BA72086E22}.Development|Any CPU.Deploy.0 = Development|x86
		{8CE414BB-95B2-4C99-9E03-51BA72086E22}.Development|x86.ActiveCfg = Development|x86
		{8CE414BB-95B2-4C99-9E03-51BA72086E22}.Development|x86.Build.0 = Development|x86
		{8CE414BB-95B2-4C99-9E03-51BA72086E22}.Development|x86.Deploy.0 = Development|x86
		{8CE414BB-95B2-4C99-9E03-51BA72086E22}.Release|Any CPU.ActiveCfg = Development|x86
		{8CE414BB-95B2-4C99-9E03-51BA72086E22}.Release|Any CPU.Build.0 = Development|x86
		{8CE414BB-95B2-4C99-9E03-51BA72086E22}.Release|Any CPU.Deploy.0 = Development|x86
		{8CE414BB-95B2-4C99-9E03-51BA72086E22}.Release|x86.ActiveCfg = Development|x86
		{8CE414BB-95B2-4C99-9E03-51BA72086E22}.Release|x86.Build.0 = Development|x86
		{8CE414BB-95B2-4C99-9E03-51BA72086E22}.Release|x86.Deploy.0 = Development|x86
	EndGlobalSection
	GlobalSection(SolutionProperties) = preSolution
		HideSolutionNode = FALSE
	EndGlobalSection
	GlobalSection(ExtensibilityGlobals) = postSolution
		SolutionGuid = {20952ECE-04E1-4088-9F20-7A71AFC9CE47}
	EndGlobalSection
EndGlobal
